
Microsoft Visual Studio Solution File, Format Version 12.00
# Visual Studio Version 17
VisualStudioVersion = 17.4.33213.308
MinimumVisualStudioVersion = 10.0.40219.1
Project("{FAE04EC0-301F-11D3-BF4B-00C04F79EFBC}") = "PasswordManager", "PasswordManager.csproj", "{BBA373EC-6313-42E3-BEB8-A2076E780348}"
EndProject
Global
	GlobalSection(SolutionConfigurationPlatforms) = preSolution
		Debug|Any CPU = Debug|Any CPU
		Release|Any CPU = Release|Any CPU
	EndGlobalSection
	GlobalSection(ProjectConfigurationPlatforms) = postSolution
		{BBA373EC-6313-42E3-BEB8-A2076E780348}.Debug|Any CPU.ActiveCfg = Debug|Any CPU
		{BBA373EC-6313-42E3-BEB8-A2076E780348}.Debug|Any CPU.Build.0 = Debug|Any CPU
		{BBA373EC-6313-42E3-BEB8-A2076E780348}.Release|Any CPU.ActiveCfg = Release|Any CPU
		{BBA373EC-6313-42E3-BEB8-A2076E780348}.Release|Any CPU.Build.0 = Release|Any CPU
	EndGlobalSection
	GlobalSection(SolutionProperties) = preSolution
		HideSolutionNode = FALSE
	EndGlobalSection
	GlobalSection(ExtensibilityGlobals) = postSolution
		SolutionGuid = {F51CF1A7-FE2E-47ED-8172-CA9F13CB0AB2}
	EndGlobalSection
EndGlobal
